<?xml version="1.0" encoding="utf-8"?>
<Project ToolsVersion="15.0" xmlns="http://schemas.microsoft.com/developer/msbuild/2003">
  <ItemGroup>
    <Filter Include="Resources">
      <UniqueIdentifier>accd3aa8-1ba0-4223-9bbe-0c431709210b</UniqueIdentifier>
      <Extensions>rc;ico;cur;bmp;dlg;rc2;rct;bin;rgs;gif;jpg;jpeg;jpe;resx;tga;tiff;tif;png;wav;mfcribbon-ms</Extensions>
    </Filter>
    <Filter Include="Generated Files">
      <UniqueIdentifier>{926ab91d-31b4-48c3-b9a4-e681349f27f0}</UniqueIdentifier>
    </Filter>
    <Filter Include="idl">
      <UniqueIdentifier>{0a9d8deb-c842-4d25-838f-eb49b315c498}</UniqueIdentifier>
    </Filter>
    <Filter Include="scripts">
      <UniqueIdentifier>{93f69bb4-2b8e-4731-be71-129688b6715a}</UniqueIdentifier>
    </Filter>
    <Filter Include="scr">
      <UniqueIdentifier>{47459c15-169b-452b-ab07-80d99595adc3}</UniqueIdentifier>
    </Filter>
    <Filter Include="inc">
      <UniqueIdentifier>{61f36dc8-9f43-4693-91ee-8b52aa12d42d}</UniqueIdentifier>
    </Filter>
  </ItemGroup>
  <ItemGroup>
    <ClCompile Include="pch.cpp" />
    <ClCompile Include="$(GeneratedFilesDir)module.g.cpp" />
    <ClCompile Include="src\D2DDeviceManager.cpp" />
    <ClCompile Include="src\Layer.cpp" />
    <ClCompile Include="src\LayerManager.cpp" />
  </ItemGroup>
  <ItemGroup>
    <ClInclude Include="pch.h" />
    <ClInclude Include="inc\D2DDeviceManager.h" />
    <ClInclude Include="inc\Layer.h" />
    <ClInclude Include="inc\LayerManager.h" />
  </ItemGroup>
  <ItemGroup>
    <Midl Include="idl\D2DEngine.idl" />
  </ItemGroup>
  <ItemGroup>
    <None Include="D2DRenderWinRT.def" />
    <None Include="packages.config" />
    <None Include="scripts\PostBuild.bat" />
    <None Include="scripts\PostBuild.ps1" />
  </ItemGroup>
  <ItemGroup>
    <Text Include="readme.txt" />
  </ItemGroup>
  <ItemGroup>
    <Natvis Include="$(MSBuildThisFileDirectory)..\..\natvis\wil.natvis" />
    <Natvis Include="$(MSBuildThisFileDirectory)..\..\natvis\wil.natstepfilter" />
  </ItemGroup>
</Project>