
Microsoft Visual Studio Solution File, Format Version 12.00
# Visual Studio Version 17
VisualStudioVersion = 17.8.34330.188
MinimumVisualStudioVersion = 10.0.40219.1
Project("{9A19103F-16F7-4668-BE54-9A1E7A4F7556}") = "VirtualPaper", "VirtualPaper\VirtualPaper.csproj", "{A118069A-BB34-499B-BF87-652F405C1E29}"
EndProject
Project("{9A19103F-16F7-4668-BE54-9A1E7A4F7556}") = "VirtualPaper.Common", "VirtualPaper.Common\VirtualPaper.Common.csproj", "{FDB96B73-DC02-49EE-B451-555C62A7B160}"
EndProject
Project("{9A19103F-16F7-4668-BE54-9A1E7A4F7556}") = "VirtualPaper.Models", "VirtualPaper.Models\VirtualPaper.Models.csproj", "{F15D0152-D9CA-4967-94D0-8411D534676E}"
EndProject
Project("{9A19103F-16F7-4668-BE54-9A1E7A4F7556}") = "VirtualPaper.UI", "VirtualPaper.UI\VirtualPaper.UI.csproj", "{497B5A01-A9F9-4794-99F1-3A022EE4B3A8}"
EndProject
Project("{9A19103F-16F7-4668-BE54-9A1E7A4F7556}") = "VirtualPaper.Grpc.Service", "VirtualPaper.Grpc.Service\VirtualPaper.Grpc.Service.csproj", "{96BBE4A7-F588-4360-AB38-83527EBEA7A2}"
EndProject
Project("{9A19103F-16F7-4668-BE54-9A1E7A4F7556}") = "VirtualPaper.Grpc.Client", "VirtualPaper.Grpc.Client\VirtualPaper.Grpc.Client.csproj", "{FC3095C4-B3C5-4FB4-AE90-671414BDE2A0}"
EndProject
Project("{9A19103F-16F7-4668-BE54-9A1E7A4F7556}") = "VirtualPaper.Watchdog", "VirtualPaper.Watchdog\VirtualPaper.Watchdog.csproj", "{84A08545-4B5F-4E58-AA01-06439FABE2B3}"
EndProject
Project("{9A19103F-16F7-4668-BE54-9A1E7A4F7556}") = "VirtualPaper.FuntionTest", "VirtualPaper.FuntionTest\VirtualPaper.FuntionTest.csproj", "{73B7C97B-32A4-42A1-8174-EEF67F88A6ED}"
EndProject
Project("{9A19103F-16F7-4668-BE54-9A1E7A4F7556}") = "VirtualPaper.ScreenSaver", "VirtualPaper.ScreenSaver\VirtualPaper.ScreenSaver.csproj", "{56329222-C0D4-44A6-85FA-ADD7A9D92FD6}"
EndProject
Project("{9A19103F-16F7-4668-BE54-9A1E7A4F7556}") = "VirtualPaper.Project", "VirtualPaper.Project\VirtualPaper.Project.csproj", "{D6854195-278F-4419-A8BD-F3DA4C936150}"
EndProject
Project("{9A19103F-16F7-4668-BE54-9A1E7A4F7556}") = "VirtualPaper.ML", "VirtualPaper.ML\VirtualPaper.ML.csproj", "{B2BF64C7-8BDD-4524-97B3-2A4FC83F0EF4}"
EndProject
Project("{9A19103F-16F7-4668-BE54-9A1E7A4F7556}") = "VirtualPaper.DataAssistor", "VirtualPaper.DataAssistor\VirtualPaper.DataAssistor.csproj", "{F5B60C19-2060-448D-BEA1-E92E2E3FBED6}"
EndProject
Project("{9A19103F-16F7-4668-BE54-9A1E7A4F7556}") = "VirtualPaper.UIComponent", "VirtualPaper.UIComponent\VirtualPaper.UIComponent.csproj", "{6D866608-29BD-45F7-9B60-A59BAF03AC0C}"
EndProject
Project("{2150E333-8FDC-42A3-9474-1A3956D46DE8}") = "Players", "Players", "{D252A1EE-5244-47E0-AE85-94E193E177E2}"
EndProject
Project("{9A19103F-16F7-4668-BE54-9A1E7A4F7556}") = "VirtualPaper.PlayerWeb", "VirtualPaper.PlayerWeb\VirtualPaper.PlayerWeb.csproj", "{69F65AC5-A5C1-4B28-BAB0-E1C2DAD8C0D9}"
EndProject
Global
	GlobalSection(SolutionConfigurationPlatforms) = preSolution
		Debug|Any CPU = Debug|Any CPU
		Debug|ARM64 = Debug|ARM64
		Debug|x64 = Debug|x64
		Debug|x86 = Debug|x86
		Release|Any CPU = Release|Any CPU
		Release|ARM64 = Release|ARM64
		Release|x64 = Release|x64
		Release|x86 = Release|x86
	EndGlobalSection
	GlobalSection(ProjectConfigurationPlatforms) = postSolution
		{A118069A-BB34-499B-BF87-652F405C1E29}.Debug|Any CPU.ActiveCfg = Debug|Any CPU
		{A118069A-BB34-499B-BF87-652F405C1E29}.Debug|Any CPU.Build.0 = Debug|Any CPU
		{A118069A-BB34-499B-BF87-652F405C1E29}.Debug|ARM64.ActiveCfg = Debug|Any CPU
		{A118069A-BB34-499B-BF87-652F405C1E29}.Debug|ARM64.Build.0 = Debug|Any CPU
		{A118069A-BB34-499B-BF87-652F405C1E29}.Debug|x64.ActiveCfg = Debug|Any CPU
		{A118069A-BB34-499B-BF87-652F405C1E29}.Debug|x64.Build.0 = Debug|Any CPU
		{A118069A-BB34-499B-BF87-652F405C1E29}.Debug|x86.ActiveCfg = Debug|Any CPU
		{A118069A-BB34-499B-BF87-652F405C1E29}.Debug|x86.Build.0 = Debug|Any CPU
		{A118069A-BB34-499B-BF87-652F405C1E29}.Release|Any CPU.ActiveCfg = Release|Any CPU
		{A118069A-BB34-499B-BF87-652F405C1E29}.Release|Any CPU.Build.0 = Release|Any CPU
		{A118069A-BB34-499B-BF87-652F405C1E29}.Release|ARM64.ActiveCfg = Release|Any CPU
		{A118069A-BB34-499B-BF87-652F405C1E29}.Release|ARM64.Build.0 = Release|Any CPU
		{A118069A-BB34-499B-BF87-652F405C1E29}.Release|x64.ActiveCfg = Release|Any CPU
		{A118069A-BB34-499B-BF87-652F405C1E29}.Release|x64.Build.0 = Release|Any CPU
		{A118069A-BB34-499B-BF87-652F405C1E29}.Release|x86.ActiveCfg = Release|Any CPU
		{A118069A-BB34-499B-BF87-652F405C1E29}.Release|x86.Build.0 = Release|Any CPU
		{FDB96B73-DC02-49EE-B451-555C62A7B160}.Debug|Any CPU.ActiveCfg = Debug|Any CPU
		{FDB96B73-DC02-49EE-B451-555C62A7B160}.Debug|Any CPU.Build.0 = Debug|Any CPU
		{FDB96B73-DC02-49EE-B451-555C62A7B160}.Debug|ARM64.ActiveCfg = Debug|Any CPU
		{FDB96B73-DC02-49EE-B451-555C62A7B160}.Debug|ARM64.Build.0 = Debug|Any CPU
		{FDB96B73-DC02-49EE-B451-555C62A7B160}.Debug|x64.ActiveCfg = Debug|Any CPU
		{FDB96B73-DC02-49EE-B451-555C62A7B160}.Debug|x64.Build.0 = Debug|Any CPU
		{FDB96B73-DC02-49EE-B451-555C62A7B160}.Debug|x86.ActiveCfg = Debug|Any CPU
		{FDB96B73-DC02-49EE-B451-555C62A7B160}.Debug|x86.Build.0 = Debug|Any CPU
		{FDB96B73-DC02-49EE-B451-555C62A7B160}.Release|Any CPU.ActiveCfg = Release|Any CPU
		{FDB96B73-DC02-49EE-B451-555C62A7B160}.Release|Any CPU.Build.0 = Release|Any CPU
		{FDB96B73-DC02-49EE-B451-555C62A7B160}.Release|ARM64.ActiveCfg = Release|Any CPU
		{FDB96B73-DC02-49EE-B451-555C62A7B160}.Release|ARM64.Build.0 = Release|Any CPU
		{FDB96B73-DC02-49EE-B451-555C62A7B160}.Release|x64.ActiveCfg = Release|Any CPU
		{FDB96B73-DC02-49EE-B451-555C62A7B160}.Release|x64.Build.0 = Release|Any CPU
		{FDB96B73-DC02-49EE-B451-555C62A7B160}.Release|x86.ActiveCfg = Release|Any CPU
		{FDB96B73-DC02-49EE-B451-555C62A7B160}.Release|x86.Build.0 = Release|Any CPU
		{F15D0152-D9CA-4967-94D0-8411D534676E}.Debug|Any CPU.ActiveCfg = Debug|Any CPU
		{F15D0152-D9CA-4967-94D0-8411D534676E}.Debug|Any CPU.Build.0 = Debug|Any CPU
		{F15D0152-D9CA-4967-94D0-8411D534676E}.Debug|ARM64.ActiveCfg = Debug|Any CPU
		{F15D0152-D9CA-4967-94D0-8411D534676E}.Debug|ARM64.Build.0 = Debug|Any CPU
		{F15D0152-D9CA-4967-94D0-8411D534676E}.Debug|x64.ActiveCfg = Debug|Any CPU
		{F15D0152-D9CA-4967-94D0-8411D534676E}.Debug|x64.Build.0 = Debug|Any CPU
		{F15D0152-D9CA-4967-94D0-8411D534676E}.Debug|x86.ActiveCfg = Debug|Any CPU
		{F15D0152-D9CA-4967-94D0-8411D534676E}.Debug|x86.Build.0 = Debug|Any CPU
		{F15D0152-D9CA-4967-94D0-8411D534676E}.Release|Any CPU.ActiveCfg = Release|Any CPU
		{F15D0152-D9CA-4967-94D0-8411D534676E}.Release|Any CPU.Build.0 = Release|Any CPU
		{F15D0152-D9CA-4967-94D0-8411D534676E}.Release|ARM64.ActiveCfg = Release|Any CPU
		{F15D0152-D9CA-4967-94D0-8411D534676E}.Release|ARM64.Build.0 = Release|Any CPU
		{F15D0152-D9CA-4967-94D0-8411D534676E}.Release|x64.ActiveCfg = Release|Any CPU
		{F15D0152-D9CA-4967-94D0-8411D534676E}.Release|x64.Build.0 = Release|Any CPU
		{F15D0152-D9CA-4967-94D0-8411D534676E}.Release|x86.ActiveCfg = Release|Any CPU
		{F15D0152-D9CA-4967-94D0-8411D534676E}.Release|x86.Build.0 = Release|Any CPU
		{497B5A01-A9F9-4794-99F1-3A022EE4B3A8}.Debug|Any CPU.ActiveCfg = Debug|x64
		{497B5A01-A9F9-4794-99F1-3A022EE4B3A8}.Debug|Any CPU.Build.0 = Debug|x64
		{497B5A01-A9F9-4794-99F1-3A022EE4B3A8}.Debug|Any CPU.Deploy.0 = Debug|x64
		{497B5A01-A9F9-4794-99F1-3A022EE4B3A8}.Debug|ARM64.ActiveCfg = Debug|ARM64
		{497B5A01-A9F9-4794-99F1-3A022EE4B3A8}.Debug|ARM64.Build.0 = Debug|ARM64
		{497B5A01-A9F9-4794-99F1-3A022EE4B3A8}.Debug|ARM64.Deploy.0 = Debug|ARM64
		{497B5A01-A9F9-4794-99F1-3A022EE4B3A8}.Debug|x64.ActiveCfg = Debug|x64
		{497B5A01-A9F9-4794-99F1-3A022EE4B3A8}.Debug|x64.Build.0 = Debug|x64
		{497B5A01-A9F9-4794-99F1-3A022EE4B3A8}.Debug|x64.Deploy.0 = Debug|x64
		{497B5A01-A9F9-4794-99F1-3A022EE4B3A8}.Debug|x86.ActiveCfg = Debug|x86
		{497B5A01-A9F9-4794-99F1-3A022EE4B3A8}.Debug|x86.Build.0 = Debug|x86
		{497B5A01-A9F9-4794-99F1-3A022EE4B3A8}.Debug|x86.Deploy.0 = Debug|x86
		{497B5A01-A9F9-4794-99F1-3A022EE4B3A8}.Release|Any CPU.ActiveCfg = Release|x64
		{497B5A01-A9F9-4794-99F1-3A022EE4B3A8}.Release|Any CPU.Build.0 = Release|x64
		{497B5A01-A9F9-4794-99F1-3A022EE4B3A8}.Release|Any CPU.Deploy.0 = Release|x64
		{497B5A01-A9F9-4794-99F1-3A022EE4B3A8}.Release|ARM64.ActiveCfg = Release|ARM64
		{497B5A01-A9F9-4794-99F1-3A022EE4B3A8}.Release|ARM64.Build.0 = Release|ARM64
		{497B5A01-A9F9-4794-99F1-3A022EE4B3A8}.Release|ARM64.Deploy.0 = Release|ARM64
		{497B5A01-A9F9-4794-99F1-3A022EE4B3A8}.Release|x64.ActiveCfg = Release|x64
		{497B5A01-A9F9-4794-99F1-3A022EE4B3A8}.Release|x64.Build.0 = Release|x64
		{497B5A01-A9F9-4794-99F1-3A022EE4B3A8}.Release|x64.Deploy.0 = Release|x64
		{497B5A01-A9F9-4794-99F1-3A022EE4B3A8}.Release|x86.ActiveCfg = Release|x86
		{497B5A01-A9F9-4794-99F1-3A022EE4B3A8}.Release|x86.Build.0 = Release|x86
		{497B5A01-A9F9-4794-99F1-3A022EE4B3A8}.Release|x86.Deploy.0 = Release|x86
		{96BBE4A7-F588-4360-AB38-83527EBEA7A2}.Debug|Any CPU.ActiveCfg = Debug|Any CPU
		{96BBE4A7-F588-4360-AB38-83527EBEA7A2}.Debug|Any CPU.Build.0 = Debug|Any CPU
		{96BBE4A7-F588-4360-AB38-83527EBEA7A2}.Debug|ARM64.ActiveCfg = Debug|Any CPU
		{96BBE4A7-F588-4360-AB38-83527EBEA7A2}.Debug|ARM64.Build.0 = Debug|Any CPU
		{96BBE4A7-F588-4360-AB38-83527EBEA7A2}.Debug|x64.ActiveCfg = Debug|Any CPU
		{96BBE4A7-F588-4360-AB38-83527EBEA7A2}.Debug|x64.Build.0 = Debug|Any CPU
		{96BBE4A7-F588-4360-AB38-83527EBEA7A2}.Debug|x86.ActiveCfg = Debug|Any CPU
		{96BBE4A7-F588-4360-AB38-83527EBEA7A2}.Debug|x86.Build.0 = Debug|Any CPU
		{96BBE4A7-F588-4360-AB38-83527EBEA7A2}.Release|Any CPU.ActiveCfg = Release|Any CPU
		{96BBE4A7-F588-4360-AB38-83527EBEA7A2}.Release|Any CPU.Build.0 = Release|Any CPU
		{96BBE4A7-F588-4360-AB38-83527EBEA7A2}.Release|ARM64.ActiveCfg = Release|Any CPU
		{96BBE4A7-F588-4360-AB38-83527EBEA7A2}.Release|ARM64.Build.0 = Release|Any CPU
		{96BBE4A7-F588-4360-AB38-83527EBEA7A2}.Release|x64.ActiveCfg = Release|Any CPU
		{96BBE4A7-F588-4360-AB38-83527EBEA7A2}.Release|x64.Build.0 = Release|Any CPU
		{96BBE4A7-F588-4360-AB38-83527EBEA7A2}.Release|x86.ActiveCfg = Release|Any CPU
		{96BBE4A7-F588-4360-AB38-83527EBEA7A2}.Release|x86.Build.0 = Release|Any CPU
		{FC3095C4-B3C5-4FB4-AE90-671414BDE2A0}.Debug|Any CPU.ActiveCfg = Debug|Any CPU
		{FC3095C4-B3C5-4FB4-AE90-671414BDE2A0}.Debug|Any CPU.Build.0 = Debug|Any CPU
		{FC3095C4-B3C5-4FB4-AE90-671414BDE2A0}.Debug|ARM64.ActiveCfg = Debug|Any CPU
		{FC3095C4-B3C5-4FB4-AE90-671414BDE2A0}.Debug|ARM64.Build.0 = Debug|Any CPU
		{FC3095C4-B3C5-4FB4-AE90-671414BDE2A0}.Debug|x64.ActiveCfg = Debug|Any CPU
		{FC3095C4-B3C5-4FB4-AE90-671414BDE2A0}.Debug|x64.Build.0 = Debug|Any CPU
		{FC3095C4-B3C5-4FB4-AE90-671414BDE2A0}.Debug|x86.ActiveCfg = Debug|Any CPU
		{FC3095C4-B3C5-4FB4-AE90-671414BDE2A0}.Debug|x86.Build.0 = Debug|Any CPU
		{FC3095C4-B3C5-4FB4-AE90-671414BDE2A0}.Release|Any CPU.ActiveCfg = Release|Any CPU
		{FC3095C4-B3C5-4FB4-AE90-671414BDE2A0}.Release|Any CPU.Build.0 = Release|Any CPU
		{FC3095C4-B3C5-4FB4-AE90-671414BDE2A0}.Release|ARM64.ActiveCfg = Release|Any CPU
		{FC3095C4-B3C5-4FB4-AE90-671414BDE2A0}.Release|ARM64.Build.0 = Release|Any CPU
		{FC3095C4-B3C5-4FB4-AE90-671414BDE2A0}.Release|x64.ActiveCfg = Release|Any CPU
		{FC3095C4-B3C5-4FB4-AE90-671414BDE2A0}.Release|x64.Build.0 = Release|Any CPU
		{FC3095C4-B3C5-4FB4-AE90-671414BDE2A0}.Release|x86.ActiveCfg = Release|Any CPU
		{FC3095C4-B3C5-4FB4-AE90-671414BDE2A0}.Release|x86.Build.0 = Release|Any CPU
		{84A08545-4B5F-4E58-AA01-06439FABE2B3}.Debug|Any CPU.ActiveCfg = Debug|Any CPU
		{84A08545-4B5F-4E58-AA01-06439FABE2B3}.Debug|Any CPU.Build.0 = Debug|Any CPU
		{84A08545-4B5F-4E58-AA01-06439FABE2B3}.Debug|ARM64.ActiveCfg = Debug|Any CPU
		{84A08545-4B5F-4E58-AA01-06439FABE2B3}.Debug|ARM64.Build.0 = Debug|Any CPU
		{84A08545-4B5F-4E58-AA01-06439FABE2B3}.Debug|x64.ActiveCfg = Debug|Any CPU
		{84A08545-4B5F-4E58-AA01-06439FABE2B3}.Debug|x64.Build.0 = Debug|Any CPU
		{84A08545-4B5F-4E58-AA01-06439FABE2B3}.Debug|x86.ActiveCfg = Debug|Any CPU
		{84A08545-4B5F-4E58-AA01-06439FABE2B3}.Debug|x86.Build.0 = Debug|Any CPU
		{84A08545-4B5F-4E58-AA01-06439FABE2B3}.Release|Any CPU.ActiveCfg = Release|Any CPU
		{84A08545-4B5F-4E58-AA01-06439FABE2B3}.Release|Any CPU.Build.0 = Release|Any CPU
		{84A08545-4B5F-4E58-AA01-06439FABE2B3}.Release|ARM64.ActiveCfg = Release|Any CPU
		{84A08545-4B5F-4E58-AA01-06439FABE2B3}.Release|ARM64.Build.0 = Release|Any CPU
		{84A08545-4B5F-4E58-AA01-06439FABE2B3}.Release|x64.ActiveCfg = Release|Any CPU
		{84A08545-4B5F-4E58-AA01-06439FABE2B3}.Release|x64.Build.0 = Release|Any CPU
		{84A08545-4B5F-4E58-AA01-06439FABE2B3}.Release|x86.ActiveCfg = Release|Any CPU
		{84A08545-4B5F-4E58-AA01-06439FABE2B3}.Release|x86.Build.0 = Release|Any CPU
		{73B7C97B-32A4-42A1-8174-EEF67F88A6ED}.Debug|Any CPU.ActiveCfg = Debug|Any CPU
		{73B7C97B-32A4-42A1-8174-EEF67F88A6ED}.Debug|Any CPU.Build.0 = Debug|Any CPU
		{73B7C97B-32A4-42A1-8174-EEF67F88A6ED}.Debug|ARM64.ActiveCfg = Debug|Any CPU
		{73B7C97B-32A4-42A1-8174-EEF67F88A6ED}.Debug|ARM64.Build.0 = Debug|Any CPU
		{73B7C97B-32A4-42A1-8174-EEF67F88A6ED}.Debug|x64.ActiveCfg = Debug|Any CPU
		{73B7C97B-32A4-42A1-8174-EEF67F88A6ED}.Debug|x64.Build.0 = Debug|Any CPU
		{73B7C97B-32A4-42A1-8174-EEF67F88A6ED}.Debug|x86.ActiveCfg = Debug|Any CPU
		{73B7C97B-32A4-42A1-8174-EEF67F88A6ED}.Debug|x86.Build.0 = Debug|Any CPU
		{73B7C97B-32A4-42A1-8174-EEF67F88A6ED}.Release|Any CPU.ActiveCfg = Release|Any CPU
		{73B7C97B-32A4-42A1-8174-EEF67F88A6ED}.Release|Any CPU.Build.0 = Release|Any CPU
		{73B7C97B-32A4-42A1-8174-EEF67F88A6ED}.Release|ARM64.ActiveCfg = Release|Any CPU
		{73B7C97B-32A4-42A1-8174-EEF67F88A6ED}.Release|ARM64.Build.0 = Release|Any CPU
		{73B7C97B-32A4-42A1-8174-EEF67F88A6ED}.Release|x64.ActiveCfg = Release|Any CPU
		{73B7C97B-32A4-42A1-8174-EEF67F88A6ED}.Release|x64.Build.0 = Release|Any CPU
		{73B7C97B-32A4-42A1-8174-EEF67F88A6ED}.Release|x86.ActiveCfg = Release|Any CPU
		{73B7C97B-32A4-42A1-8174-EEF67F88A6ED}.Release|x86.Build.0 = Release|Any CPU
		{56329222-C0D4-44A6-85FA-ADD7A9D92FD6}.Debug|Any CPU.ActiveCfg = Debug|Any CPU
		{56329222-C0D4-44A6-85FA-ADD7A9D92FD6}.Debug|Any CPU.Build.0 = Debug|Any CPU
		{56329222-C0D4-44A6-85FA-ADD7A9D92FD6}.Debug|ARM64.ActiveCfg = Debug|Any CPU
		{56329222-C0D4-44A6-85FA-ADD7A9D92FD6}.Debug|ARM64.Build.0 = Debug|Any CPU
		{56329222-C0D4-44A6-85FA-ADD7A9D92FD6}.Debug|x64.ActiveCfg = Debug|Any CPU
		{56329222-C0D4-44A6-85FA-ADD7A9D92FD6}.Debug|x64.Build.0 = Debug|Any CPU
		{56329222-C0D4-44A6-85FA-ADD7A9D92FD6}.Debug|x86.ActiveCfg = Debug|Any CPU
		{56329222-C0D4-44A6-85FA-ADD7A9D92FD6}.Debug|x86.Build.0 = Debug|Any CPU
		{56329222-C0D4-44A6-85FA-ADD7A9D92FD6}.Release|Any CPU.ActiveCfg = Release|Any CPU
		{56329222-C0D4-44A6-85FA-ADD7A9D92FD6}.Release|Any CPU.Build.0 = Release|Any CPU
		{56329222-C0D4-44A6-85FA-ADD7A9D92FD6}.Release|ARM64.ActiveCfg = Release|Any CPU
		{56329222-C0D4-44A6-85FA-ADD7A9D92FD6}.Release|ARM64.Build.0 = Release|Any CPU
		{56329222-C0D4-44A6-85FA-ADD7A9D92FD6}.Release|x64.ActiveCfg = Release|Any CPU
		{56329222-C0D4-44A6-85FA-ADD7A9D92FD6}.Release|x64.Build.0 = Release|Any CPU
		{56329222-C0D4-44A6-85FA-ADD7A9D92FD6}.Release|x86.ActiveCfg = Release|Any CPU
		{56329222-C0D4-44A6-85FA-ADD7A9D92FD6}.Release|x86.Build.0 = Release|Any CPU
		{D6854195-278F-4419-A8BD-F3DA4C936150}.Debug|Any CPU.ActiveCfg = Debug|Any CPU
		{D6854195-278F-4419-A8BD-F3DA4C936150}.Debug|Any CPU.Build.0 = Debug|Any CPU
		{D6854195-278F-4419-A8BD-F3DA4C936150}.Debug|ARM64.ActiveCfg = Debug|Any CPU
		{D6854195-278F-4419-A8BD-F3DA4C936150}.Debug|ARM64.Build.0 = Debug|Any CPU
		{D6854195-278F-4419-A8BD-F3DA4C936150}.Debug|x64.ActiveCfg = Debug|Any CPU
		{D6854195-278F-4419-A8BD-F3DA4C936150}.Debug|x64.Build.0 = Debug|Any CPU
		{D6854195-278F-4419-A8BD-F3DA4C936150}.Debug|x86.ActiveCfg = Debug|Any CPU
		{D6854195-278F-4419-A8BD-F3DA4C936150}.Debug|x86.Build.0 = Debug|Any CPU
		{D6854195-278F-4419-A8BD-F3DA4C936150}.Release|Any CPU.ActiveCfg = Release|Any CPU
		{D6854195-278F-4419-A8BD-F3DA4C936150}.Release|Any CPU.Build.0 = Release|Any CPU
		{D6854195-278F-4419-A8BD-F3DA4C936150}.Release|ARM64.ActiveCfg = Release|Any CPU
		{D6854195-278F-4419-A8BD-F3DA4C936150}.Release|ARM64.Build.0 = Release|Any CPU
		{D6854195-278F-4419-A8BD-F3DA4C936150}.Release|x64.ActiveCfg = Release|Any CPU
		{D6854195-278F-4419-A8BD-F3DA4C936150}.Release|x64.Build.0 = Release|Any CPU
		{D6854195-278F-4419-A8BD-F3DA4C936150}.Release|x86.ActiveCfg = Release|Any CPU
		{D6854195-278F-4419-A8BD-F3DA4C936150}.Release|x86.Build.0 = Release|Any CPU
		{B2BF64C7-8BDD-4524-97B3-2A4FC83F0EF4}.Debug|Any CPU.ActiveCfg = Debug|Any CPU
		{B2BF64C7-8BDD-4524-97B3-2A4FC83F0EF4}.Debug|Any CPU.Build.0 = Debug|Any CPU
		{B2BF64C7-8BDD-4524-97B3-2A4FC83F0EF4}.Debug|ARM64.ActiveCfg = Debug|Any CPU
		{B2BF64C7-8BDD-4524-97B3-2A4FC83F0EF4}.Debug|ARM64.Build.0 = Debug|Any CPU
		{B2BF64C7-8BDD-4524-97B3-2A4FC83F0EF4}.Debug|x64.ActiveCfg = Debug|Any CPU
		{B2BF64C7-8BDD-4524-97B3-2A4FC83F0EF4}.Debug|x64.Build.0 = Debug|Any CPU
		{B2BF64C7-8BDD-4524-97B3-2A4FC83F0EF4}.Debug|x86.ActiveCfg = Debug|Any CPU
		{B2BF64C7-8BDD-4524-97B3-2A4FC83F0EF4}.Debug|x86.Build.0 = Debug|Any CPU
		{B2BF64C7-8BDD-4524-97B3-2A4FC83F0EF4}.Release|Any CPU.ActiveCfg = Release|Any CPU
		{B2BF64C7-8BDD-4524-97B3-2A4FC83F0EF4}.Release|Any CPU.Build.0 = Release|Any CPU
		{B2BF64C7-8BDD-4524-97B3-2A4FC83F0EF4}.Release|ARM64.ActiveCfg = Release|Any CPU
		{B2BF64C7-8BDD-4524-97B3-2A4FC83F0EF4}.Release|ARM64.Build.0 = Release|Any CPU
		{B2BF64C7-8BDD-4524-97B3-2A4FC83F0EF4}.Release|x64.ActiveCfg = Release|Any CPU
		{B2BF64C7-8BDD-4524-97B3-2A4FC83F0EF4}.Release|x64.Build.0 = Release|Any CPU
		{B2BF64C7-8BDD-4524-97B3-2A4FC83F0EF4}.Release|x86.ActiveCfg = Release|Any CPU
		{B2BF64C7-8BDD-4524-97B3-2A4FC83F0EF4}.Release|x86.Build.0 = Release|Any CPU
		{F5B60C19-2060-448D-BEA1-E92E2E3FBED6}.Debug|Any CPU.ActiveCfg = Debug|Any CPU
		{F5B60C19-2060-448D-BEA1-E92E2E3FBED6}.Debug|Any CPU.Build.0 = Debug|Any CPU
		{F5B60C19-2060-448D-BEA1-E92E2E3FBED6}.Debug|ARM64.ActiveCfg = Debug|Any CPU
		{F5B60C19-2060-448D-BEA1-E92E2E3FBED6}.Debug|ARM64.Build.0 = Debug|Any CPU
		{F5B60C19-2060-448D-BEA1-E92E2E3FBED6}.Debug|x64.ActiveCfg = Debug|Any CPU
		{F5B60C19-2060-448D-BEA1-E92E2E3FBED6}.Debug|x64.Build.0 = Debug|Any CPU
		{F5B60C19-2060-448D-BEA1-E92E2E3FBED6}.Debug|x86.ActiveCfg = Debug|Any CPU
		{F5B60C19-2060-448D-BEA1-E92E2E3FBED6}.Debug|x86.Build.0 = Debug|Any CPU
		{F5B60C19-2060-448D-BEA1-E92E2E3FBED6}.Release|Any CPU.ActiveCfg = Release|Any CPU
		{F5B60C19-2060-448D-BEA1-E92E2E3FBED6}.Release|Any CPU.Build.0 = Release|Any CPU
		{F5B60C19-2060-448D-BEA1-E92E2E3FBED6}.Release|ARM64.ActiveCfg = Release|Any CPU
		{F5B60C19-2060-448D-BEA1-E92E2E3FBED6}.Release|ARM64.Build.0 = Release|Any CPU
		{F5B60C19-2060-448D-BEA1-E92E2E3FBED6}.Release|x64.ActiveCfg = Release|Any CPU
		{F5B60C19-2060-448D-BEA1-E92E2E3FBED6}.Release|x64.Build.0 = Release|Any CPU
		{F5B60C19-2060-448D-BEA1-E92E2E3FBED6}.Release|x86.ActiveCfg = Release|Any CPU
		{F5B60C19-2060-448D-BEA1-E92E2E3FBED6}.Release|x86.Build.0 = Release|Any CPU
		{6D866608-29BD-45F7-9B60-A59BAF03AC0C}.Debug|Any CPU.ActiveCfg = Debug|Any CPU
		{6D866608-29BD-45F7-9B60-A59BAF03AC0C}.Debug|Any CPU.Build.0 = Debug|Any CPU
		{6D866608-29BD-45F7-9B60-A59BAF03AC0C}.Debug|ARM64.ActiveCfg = Debug|Any CPU
		{6D866608-29BD-45F7-9B60-A59BAF03AC0C}.Debug|ARM64.Build.0 = Debug|Any CPU
		{6D866608-29BD-45F7-9B60-A59BAF03AC0C}.Debug|x64.ActiveCfg = Debug|Any CPU
		{6D866608-29BD-45F7-9B60-A59BAF03AC0C}.Debug|x64.Build.0 = Debug|Any CPU
		{6D866608-29BD-45F7-9B60-A59BAF03AC0C}.Debug|x86.ActiveCfg = Debug|Any CPU
		{6D866608-29BD-45F7-9B60-A59BAF03AC0C}.Debug|x86.Build.0 = Debug|Any CPU
		{6D866608-29BD-45F7-9B60-A59BAF03AC0C}.Release|Any CPU.ActiveCfg = Release|Any CPU
		{6D866608-29BD-45F7-9B60-A59BAF03AC0C}.Release|Any CPU.Build.0 = Release|Any CPU
		{6D866608-29BD-45F7-9B60-A59BAF03AC0C}.Release|ARM64.ActiveCfg = Release|Any CPU
		{6D866608-29BD-45F7-9B60-A59BAF03AC0C}.Release|ARM64.Build.0 = Release|Any CPU
		{6D866608-29BD-45F7-9B60-A59BAF03AC0C}.Release|x64.ActiveCfg = Release|Any CPU
		{6D866608-29BD-45F7-9B60-A59BAF03AC0C}.Release|x64.Build.0 = Release|Any CPU
		{6D866608-29BD-45F7-9B60-A59BAF03AC0C}.Release|x86.ActiveCfg = Release|Any CPU
		{6D866608-29BD-45F7-9B60-A59BAF03AC0C}.Release|x86.Build.0 = Release|Any CPU
		{69F65AC5-A5C1-4B28-BAB0-E1C2DAD8C0D9}.Debug|Any CPU.ActiveCfg = Debug|x64
		{69F65AC5-A5C1-4B28-BAB0-E1C2DAD8C0D9}.Debug|Any CPU.Build.0 = Debug|x64
		{69F65AC5-A5C1-4B28-BAB0-E1C2DAD8C0D9}.Debug|ARM64.ActiveCfg = Debug|ARM64
		{69F65AC5-A5C1-4B28-BAB0-E1C2DAD8C0D9}.Debug|ARM64.Build.0 = Debug|ARM64
		{69F65AC5-A5C1-4B28-BAB0-E1C2DAD8C0D9}.Debug|x64.ActiveCfg = Debug|x64
		{69F65AC5-A5C1-4B28-BAB0-E1C2DAD8C0D9}.Debug|x64.Build.0 = Debug|x64
		{69F65AC5-A5C1-4B28-BAB0-E1C2DAD8C0D9}.Debug|x86.ActiveCfg = Debug|x86
		{69F65AC5-A5C1-4B28-BAB0-E1C2DAD8C0D9}.Debug|x86.Build.0 = Debug|x86
		{69F65AC5-A5C1-4B28-BAB0-E1C2DAD8C0D9}.Release|Any CPU.ActiveCfg = Release|x64
		{69F65AC5-A5C1-4B28-BAB0-E1C2DAD8C0D9}.Release|Any CPU.Build.0 = Release|x64
		{69F65AC5-A5C1-4B28-BAB0-E1C2DAD8C0D9}.Release|ARM64.ActiveCfg = Release|ARM64
		{69F65AC5-A5C1-4B28-BAB0-E1C2DAD8C0D9}.Release|ARM64.Build.0 = Release|ARM64
		{69F65AC5-A5C1-4B28-BAB0-E1C2DAD8C0D9}.Release|x64.ActiveCfg = Release|x64
		{69F65AC5-A5C1-4B28-BAB0-E1C2DAD8C0D9}.Release|x64.Build.0 = Release|x64
		{69F65AC5-A5C1-4B28-BAB0-E1C2DAD8C0D9}.Release|x86.ActiveCfg = Release|x86
		{69F65AC5-A5C1-4B28-BAB0-E1C2DAD8C0D9}.Release|x86.Build.0 = Release|x86
	EndGlobalSection
	GlobalSection(SolutionProperties) = preSolution
		HideSolutionNode = FALSE
	EndGlobalSection
	GlobalSection(NestedProjects) = preSolution
		{69F65AC5-A5C1-4B28-BAB0-E1C2DAD8C0D9} = {D252A1EE-5244-47E0-AE85-94E193E177E2}
	EndGlobalSection
	GlobalSection(ExtensibilityGlobals) = postSolution
		SolutionGuid = {C0DA4809-0B7F-4C80-8462-DE0981798196}
		RESX_NeutralResourcesLanguage = zh-CN
	EndGlobalSection
EndGlobal
